{
  "version": 4,
  "terraform_version": "1.7.3",
  "serial": 57,
  "lineage": "e2d30d09-e0f5-c87b-402a-72adb11828cd",
  "outputs": {
    "all": {
      "value": [
        "44.213.65.242",
        "3.235.76.25"
      ],
      "type": [
        "tuple",
        [
          "string",
          "string"
        ]
      ]
    }
  },
  "resources": [
    {
      "mode": "managed",
      "type": "aws_instance",
      "name": "VM2",
      "provider": "provider[\"registry.terraform.io/hashicorp/aws\"]",
      "instances": [
        {
          "schema_version": 1,
          "attributes": {
            "ami": "ami-0fe630eb857a6ec83",
            "arn": "arn:aws:ec2:us-east-1:211125468572:instance/i-078673e04bad66ac1",
            "associate_public_ip_address": true,
            "availability_zone": "us-east-1f",
            "capacity_reservation_specification": [
              {
                "capacity_reservation_preference": "open",
                "capacity_reservation_target": []
              }
            ],
            "cpu_core_count": 1,
            "cpu_options": [
              {
                "amd_sev_snp": "",
                "core_count": 1,
                "threads_per_core": 1
              }
            ],
            "cpu_threads_per_core": 1,
            "credit_specification": [
              {
                "cpu_credits": "standard"
              }
            ],
            "disable_api_stop": false,
            "disable_api_termination": false,
            "ebs_block_device": [],
            "ebs_optimized": false,
            "enclave_options": [
              {
                "enabled": false
              }
            ],
            "ephemeral_block_device": [],
            "get_password_data": false,
            "hibernation": false,
            "host_id": "",
            "host_resource_group_arn": null,
            "iam_instance_profile": "",
            "id": "i-078673e04bad66ac1",
            "instance_initiated_shutdown_behavior": "stop",
            "instance_lifecycle": "",
            "instance_market_options": [],
            "instance_state": "running",
            "instance_type": "t2.micro",
            "ipv6_address_count": 0,
            "ipv6_addresses": [],
            "key_name": "AAP",
            "launch_template": [],
            "maintenance_options": [
              {
                "auto_recovery": "default"
              }
            ],
            "metadata_options": [
              {
                "http_endpoint": "enabled",
                "http_protocol_ipv6": "disabled",
                "http_put_response_hop_limit": 1,
                "http_tokens": "optional",
                "instance_metadata_tags": "disabled"
              }
            ],
            "monitoring": false,
            "network_interface": [],
            "outpost_arn": "",
            "password_data": "",
            "placement_group": "",
            "placement_partition_number": 0,
            "primary_network_interface_id": "eni-089c75361c25cb312",
            "private_dns": "ip-172-31-128-141.ec2.internal",
            "private_dns_name_options": [
              {
                "enable_resource_name_dns_a_record": false,
                "enable_resource_name_dns_aaaa_record": false,
                "hostname_type": "ip-name"
              }
            ],
            "private_ip": "172.31.128.141",
            "public_dns": "ec2-3-235-76-25.compute-1.amazonaws.com",
            "public_ip": "3.235.76.25",
            "root_block_device": [
              {
                "delete_on_termination": true,
                "device_name": "/dev/sda1",
                "encrypted": false,
                "iops": 3000,
                "kms_key_id": "",
                "tags": null,
                "throughput": 125,
                "volume_id": "vol-00506cab132f2dc66",
                "volume_size": 10,
                "volume_type": "gp3"
              }
            ],
            "secondary_private_ips": [],
            "security_groups": [
              "AAP"
            ],
            "source_dest_check": true,
            "spot_instance_request_id": "",
            "subnet_id": "subnet-0bc8514d594b7570e",
            "tags": {
              "Environment": "DEV",
              "Managed": "IAC",
              "Name": "SERVER02",
              "OS": "RHEL"
            },
            "tags_all": {
              "Environment": "DEV",
              "Managed": "IAC",
              "Name": "SERVER02",
              "OS": "RHEL"
            },
            "tenancy": "default",
            "timeouts": null,
            "user_data": null,
            "user_data_base64": null,
            "user_data_replace_on_change": false,
            "volume_tags": null,
            "vpc_security_group_ids": [
              "sg-0a178768e55f38286"
            ]
          },
          "sensitive_attributes": [],
          "private": "eyJlMmJmYjczMC1lY2FhLTExZTYtOGY4OC0zNDM2M2JjN2M0YzAiOnsiY3JlYXRlIjo2MDAwMDAwMDAwMDAsImRlbGV0ZSI6MTIwMDAwMDAwMDAwMCwidXBkYXRlIjo2MDAwMDAwMDAwMDB9LCJzY2hlbWFfdmVyc2lvbiI6IjEifQ=="
        }
      ]
    },
    {
      "mode": "managed",
      "type": "aws_instance",
      "name": "project-iac",
      "provider": "provider[\"registry.terraform.io/hashicorp/aws\"]",
      "instances": [
        {
          "schema_version": 1,
          "attributes": {
            "ami": "ami-0fe630eb857a6ec83",
            "arn": "arn:aws:ec2:us-east-1:211125468572:instance/i-0ab5648e8947ba5f9",
            "associate_public_ip_address": true,
            "availability_zone": "us-east-1f",
            "capacity_reservation_specification": [
              {
                "capacity_reservation_preference": "open",
                "capacity_reservation_target": []
              }
            ],
            "cpu_core_count": 1,
            "cpu_options": [
              {
                "amd_sev_snp": "",
                "core_count": 1,
                "threads_per_core": 1
              }
            ],
            "cpu_threads_per_core": 1,
            "credit_specification": [
              {
                "cpu_credits": "standard"
              }
            ],
            "disable_api_stop": false,
            "disable_api_termination": false,
            "ebs_block_device": [],
            "ebs_optimized": false,
            "enclave_options": [
              {
                "enabled": false
              }
            ],
            "ephemeral_block_device": [],
            "get_password_data": false,
            "hibernation": false,
            "host_id": "",
            "host_resource_group_arn": null,
            "iam_instance_profile": "",
            "id": "i-0ab5648e8947ba5f9",
            "instance_initiated_shutdown_behavior": "stop",
            "instance_lifecycle": "",
            "instance_market_options": [],
            "instance_state": "running",
            "instance_type": "t2.micro",
            "ipv6_address_count": 0,
            "ipv6_addresses": [],
            "key_name": "AAP",
            "launch_template": [],
            "maintenance_options": [
              {
                "auto_recovery": "default"
              }
            ],
            "metadata_options": [
              {
                "http_endpoint": "enabled",
                "http_protocol_ipv6": "disabled",
                "http_put_response_hop_limit": 1,
                "http_tokens": "optional",
                "instance_metadata_tags": "disabled"
              }
            ],
            "monitoring": false,
            "network_interface": [],
            "outpost_arn": "",
            "password_data": "",
            "placement_group": "",
            "placement_partition_number": 0,
            "primary_network_interface_id": "eni-0d09551520478a152",
            "private_dns": "ip-172-31-128-105.ec2.internal",
            "private_dns_name_options": [
              {
                "enable_resource_name_dns_a_record": false,
                "enable_resource_name_dns_aaaa_record": false,
                "hostname_type": "ip-name"
              }
            ],
            "private_ip": "172.31.128.105",
            "public_dns": "ec2-44-213-65-242.compute-1.amazonaws.com",
            "public_ip": "44.213.65.242",
            "root_block_device": [
              {
                "delete_on_termination": true,
                "device_name": "/dev/sda1",
                "encrypted": false,
                "iops": 3000,
                "kms_key_id": "",
                "tags": null,
                "throughput": 125,
                "volume_id": "vol-0bac54dbd3abac0cd",
                "volume_size": 15,
                "volume_type": "gp3"
              }
            ],
            "secondary_private_ips": [],
            "security_groups": [
              "AAP"
            ],
            "source_dest_check": true,
            "spot_instance_request_id": "",
            "subnet_id": "subnet-0bc8514d594b7570e",
            "tags": {
              "Environment": "DEV",
              "Managed": "IAC",
              "Name": "SERVER01",
              "OS": "RHEL"
            },
            "tags_all": {
              "Environment": "DEV",
              "Managed": "IAC",
              "Name": "SERVER01",
              "OS": "RHEL"
            },
            "tenancy": "default",
            "timeouts": null,
            "user_data": null,
            "user_data_base64": null,
            "user_data_replace_on_change": false,
            "volume_tags": null,
            "vpc_security_group_ids": [
              "sg-0a178768e55f38286"
            ]
          },
          "sensitive_attributes": [],
          "private": "eyJlMmJmYjczMC1lY2FhLTExZTYtOGY4OC0zNDM2M2JjN2M0YzAiOnsiY3JlYXRlIjo2MDAwMDAwMDAwMDAsImRlbGV0ZSI6MTIwMDAwMDAwMDAwMCwidXBkYXRlIjo2MDAwMDAwMDAwMDB9LCJzY2hlbWFfdmVyc2lvbiI6IjEifQ=="
        }
      ]
    },
    {
      "mode": "managed",
      "type": "local_file",
      "name": "my_file",
      "provider": "provider[\"registry.terraform.io/hashicorp/local\"]",
      "instances": [
        {
          "schema_version": 0,
          "attributes": {
            "content": "[all]\n44.213.65.242",
            "content_base64": null,
            "content_base64sha256": "iJ2RKyFf06GqM6SVUWTgCZLc4ieZszHq6pRqsRcBs1Y=",
            "content_base64sha512": "tdOG+rbVPK7yjWuxP9mG5opA/T3v1221GUzjfnfX6oYw3oAqLw9jk5LuUtQprkYGtBJEJfbxsWCWl6F7lEoA7g==",
            "content_md5": "95ef80ae85d77f85e8bef585392c48d0",
            "content_sha1": "1d232fd9651d3839c5dc40b82c02b3afce906e38",
            "content_sha256": "889d912b215fd3a1aa33a4955164e00992dce22799b331eaea946ab11701b356",
            "content_sha512": "b5d386fab6d53caef28d6bb13fd986e68a40fd3defd76db5194ce37e77d7ea8630de802a2f0f639392ee52d429ae4606b4124425f6f1b1609697a17b944a00ee",
            "directory_permission": "0777",
            "file_permission": "0777",
            "filename": "../deploy/inventory",
            "id": "1d232fd9651d3839c5dc40b82c02b3afce906e38",
            "sensitive_content": null,
            "source": null
          },
          "sensitive_attributes": [],
          "dependencies": [
            "aws_instance.project-iac"
          ]
        }
      ]
    },
    {
      "mode": "managed",
      "type": "local_file",
      "name": "my_file22",
      "provider": "provider[\"registry.terraform.io/hashicorp/local\"]",
      "instances": [
        {
          "schema_version": 0,
          "attributes": {
            "content": "[all]\n172.31.128.105\n172.31.128.141",
            "content_base64": null,
            "content_base64sha256": "Mr3Fb+yjlPCZJtDzVQtTN0KRRvuxRdlCZ23JbBb00uA=",
            "content_base64sha512": "lnhFplJ71SZlPkhGl0IoOycLIlGX5+J9kruey+OA7iJL5/PxWfOeK7lNfxGAQbuIgcLaSj8UnegjGCazfJqrgg==",
            "content_md5": "c1e43f6aa6b815fdee202f9cf36db83d",
            "content_sha1": "b51be47d3ea452c7d30b4c0d2fe45de40e552125",
            "content_sha256": "32bdc56feca394f09926d0f3550b5337429146fbb145d942676dc96c16f4d2e0",
            "content_sha512": "967845a6527bd526653e48469742283b270b225197e7e27d92bb9ecbe380ee224be7f3f159f39e2bb94d7f118041bb8881c2da4a3f149de8231826b37c9aab82",
            "directory_permission": "0777",
            "file_permission": "0777",
            "filename": "../update/inventory",
            "id": "b51be47d3ea452c7d30b4c0d2fe45de40e552125",
            "sensitive_content": null,
            "source": null
          },
          "sensitive_attributes": [],
          "dependencies": [
            "aws_instance.VM2",
            "aws_instance.project-iac"
          ]
        }
      ]
    }
  ],
  "check_results": null
}
